
Microsoft Visual Studio Solution File, Format Version 12.00
# Visual Studio Version 16
VisualStudioVersion = 16.0.29911.84
MinimumVisualStudioVersion = 10.0.40219.1
Project("{FAE04EC0-301F-11D3-BF4B-00C04F79EFBC}") = "Teste2", "Teste2\Teste2.csproj", "{204287BE-3A03-41B0-9261-50F01B7D7F27}"
EndProject
Global
	GlobalSection(SolutionConfigurationPlatforms) = preSolution
		Debug|Any CPU = Debug|Any CPU
		Release|Any CPU = Release|Any CPU
	EndGlobalSection
	GlobalSection(ProjectConfigurationPlatforms) = postSolution
		{204287BE-3A03-41B0-9261-50F01B7D7F27}.Debug|Any CPU.ActiveCfg = Debug|Any CPU
		{204287BE-3A03-41B0-9261-50F01B7D7F27}.Debug|Any CPU.Build.0 = Debug|Any CPU
		{204287BE-3A03-41B0-9261-50F01B7D7F27}.Release|Any CPU.ActiveCfg = Release|Any CPU
		{204287BE-3A03-41B0-9261-50F01B7D7F27}.Release|Any CPU.Build.0 = Release|Any CPU
	EndGlobalSection
	GlobalSection(SolutionProperties) = preSolution
		HideSolutionNode = FALSE
	EndGlobalSection
	GlobalSection(ExtensibilityGlobals) = postSolution
		SolutionGuid = {66638197-E55C-434F-A492-E1F8D1E7E666}
	EndGlobalSection
EndGlobal
